
Microsoft Visual Studio Solution File, Format Version 12.00
Project("{FAE04EC0-301F-11D3-BF4B-00C04F79EFBC}") = "WebApplication", "WebApplication\WebApplication.csproj", "{5CF19F24-88A4-42C0-89BF-07FB0924B559}"
EndProject
Project("{FAE04EC0-301F-11D3-BF4B-00C04F79EFBC}") = "DAL", "DAL\DAL.csproj", "{A36750F7-418F-487B-BDE8-4D5D879E84FC}"
EndProject
Project("{FAE04EC0-301F-11D3-BF4B-00C04F79EFBC}") = "DAL.Tests", "DAL.Tests\DAL.Tests.csproj", "{6051A85A-E741-4B55-8D9E-2179602B44F4}"
EndProject
Project("{FAE04EC0-301F-11D3-BF4B-00C04F79EFBC}") = "BLL", "BLL\BLL.csproj", "{33B00A08-04F5-4B9F-BAEB-766283F7C31C}"
EndProject
Project("{FAE04EC0-301F-11D3-BF4B-00C04F79EFBC}") = "CCL", "CCL\CCL.csproj", "{338D9E43-1890-4221-804F-9831226DCFAC}"
EndProject
Project("{FAE04EC0-301F-11D3-BF4B-00C04F79EFBC}") = "BLL.Tests", "BLL.Tests\BLL.Tests.csproj", "{999D9BD7-95C1-48C5-AAF3-4D3413488E7D}"
EndProject
Global
	GlobalSection(SolutionConfigurationPlatforms) = preSolution
		Debug|Any CPU = Debug|Any CPU
		Release|Any CPU = Release|Any CPU
	EndGlobalSection
	GlobalSection(ProjectConfigurationPlatforms) = postSolution
		{5CF19F24-88A4-42C0-89BF-07FB0924B559}.Debug|Any CPU.ActiveCfg = Debug|Any CPU
		{5CF19F24-88A4-42C0-89BF-07FB0924B559}.Debug|Any CPU.Build.0 = Debug|Any CPU
		{5CF19F24-88A4-42C0-89BF-07FB0924B559}.Release|Any CPU.ActiveCfg = Release|Any CPU
		{5CF19F24-88A4-42C0-89BF-07FB0924B559}.Release|Any CPU.Build.0 = Release|Any CPU
		{A36750F7-418F-487B-BDE8-4D5D879E84FC}.Debug|Any CPU.ActiveCfg = Debug|Any CPU
		{A36750F7-418F-487B-BDE8-4D5D879E84FC}.Debug|Any CPU.Build.0 = Debug|Any CPU
		{A36750F7-418F-487B-BDE8-4D5D879E84FC}.Release|Any CPU.ActiveCfg = Release|Any CPU
		{A36750F7-418F-487B-BDE8-4D5D879E84FC}.Release|Any CPU.Build.0 = Release|Any CPU
		{6051A85A-E741-4B55-8D9E-2179602B44F4}.Debug|Any CPU.ActiveCfg = Debug|Any CPU
		{6051A85A-E741-4B55-8D9E-2179602B44F4}.Debug|Any CPU.Build.0 = Debug|Any CPU
		{6051A85A-E741-4B55-8D9E-2179602B44F4}.Release|Any CPU.ActiveCfg = Release|Any CPU
		{6051A85A-E741-4B55-8D9E-2179602B44F4}.Release|Any CPU.Build.0 = Release|Any CPU
		{33B00A08-04F5-4B9F-BAEB-766283F7C31C}.Debug|Any CPU.ActiveCfg = Debug|Any CPU
		{33B00A08-04F5-4B9F-BAEB-766283F7C31C}.Debug|Any CPU.Build.0 = Debug|Any CPU
		{33B00A08-04F5-4B9F-BAEB-766283F7C31C}.Release|Any CPU.ActiveCfg = Release|Any CPU
		{33B00A08-04F5-4B9F-BAEB-766283F7C31C}.Release|Any CPU.Build.0 = Release|Any CPU
		{338D9E43-1890-4221-804F-9831226DCFAC}.Debug|Any CPU.ActiveCfg = Debug|Any CPU
		{338D9E43-1890-4221-804F-9831226DCFAC}.Debug|Any CPU.Build.0 = Debug|Any CPU
		{338D9E43-1890-4221-804F-9831226DCFAC}.Release|Any CPU.ActiveCfg = Release|Any CPU
		{338D9E43-1890-4221-804F-9831226DCFAC}.Release|Any CPU.Build.0 = Release|Any CPU
		{999D9BD7-95C1-48C5-AAF3-4D3413488E7D}.Debug|Any CPU.ActiveCfg = Debug|Any CPU
		{999D9BD7-95C1-48C5-AAF3-4D3413488E7D}.Debug|Any CPU.Build.0 = Debug|Any CPU
		{999D9BD7-95C1-48C5-AAF3-4D3413488E7D}.Release|Any CPU.ActiveCfg = Release|Any CPU
		{999D9BD7-95C1-48C5-AAF3-4D3413488E7D}.Release|Any CPU.Build.0 = Release|Any CPU
	EndGlobalSection
EndGlobal
