
Microsoft Visual Studio Solution File, Format Version 12.00
Project("{FAE04EC0-301F-11D3-BF4B-00C04F79EFBC}") = "WebApplication", "WebApplication\WebApplication.csproj", "{5CF19F24-88A4-42C0-89BF-07FB0924B559}"
EndProject
Project("{FAE04EC0-301F-11D3-BF4B-00C04F79EFBC}") = "DAL", "DAL\DAL.csproj", "{A36750F7-418F-487B-BDE8-4D5D879E84FC}"
EndProject
Project("{FAE04EC0-301F-11D3-BF4B-00C04F79EFBC}") = "DAL.Tests", "DAL.Tests\DAL.Tests.csproj", "{6051A85A-E741-4B55-8D9E-2179602B44F4}"
EndProject
Global
	GlobalSection(SolutionConfigurationPlatforms) = preSolution
		Debug|Any CPU = Debug|Any CPU
		Release|Any CPU = Release|Any CPU
	EndGlobalSection
	GlobalSection(ProjectConfigurationPlatforms) = postSolution
		{5CF19F24-88A4-42C0-89BF-07FB0924B559}.Debug|Any CPU.ActiveCfg = Debug|Any CPU
		{5CF19F24-88A4-42C0-89BF-07FB0924B559}.Debug|Any CPU.Build.0 = Debug|Any CPU
		{5CF19F24-88A4-42C0-89BF-07FB0924B559}.Release|Any CPU.ActiveCfg = Release|Any CPU
		{5CF19F24-88A4-42C0-89BF-07FB0924B559}.Release|Any CPU.Build.0 = Release|Any CPU
		{A36750F7-418F-487B-BDE8-4D5D879E84FC}.Debug|Any CPU.ActiveCfg = Debug|Any CPU
		{A36750F7-418F-487B-BDE8-4D5D879E84FC}.Debug|Any CPU.Build.0 = Debug|Any CPU
		{A36750F7-418F-487B-BDE8-4D5D879E84FC}.Release|Any CPU.ActiveCfg = Release|Any CPU
		{A36750F7-418F-487B-BDE8-4D5D879E84FC}.Release|Any CPU.Build.0 = Release|Any CPU
		{6051A85A-E741-4B55-8D9E-2179602B44F4}.Debug|Any CPU.ActiveCfg = Debug|Any CPU
		{6051A85A-E741-4B55-8D9E-2179602B44F4}.Debug|Any CPU.Build.0 = Debug|Any CPU
		{6051A85A-E741-4B55-8D9E-2179602B44F4}.Release|Any CPU.ActiveCfg = Release|Any CPU
		{6051A85A-E741-4B55-8D9E-2179602B44F4}.Release|Any CPU.Build.0 = Release|Any CPU
	EndGlobalSection
EndGlobal
